PODS:
  - AFNetworking (2.5.1):
    - AFNetworking/NSURLConnection (= 2.5.1)
    - AFNetworking/NSURLSession (= 2.5.1)
    - AFNetworking/Reachability (= 2.5.1)
    - AFNetworking/Security (= 2.5.1)
    - AFNetworking/Serialization (= 2.5.1)
    - AFNetworking/UIKit (= 2.5.1)
  - AFNetworking/NSURLConnection (2.5.1):
    - AFNetworking/Reachability
    - AFNetworking/Security
    - AFNetworking/Serialization
  - AFNetworking/NSURLSession (2.5.1):
    - AFNetworking/Reachability
    - AFNetworking/Security
    - AFNetworking/Serialization
  - AFNetworking/Reachability (2.5.1)
  - AFNetworking/Security (2.5.1)
  - AFNetworking/Serialization (2.5.1)
  - AFNetworking/UIKit (2.5.1):
    - AFNetworking/NSURLConnection
    - AFNetworking/NSURLSession
  - AWPagedArray (0.3.0)
  - CocoaLumberjack (1.9.2):
    - CocoaLumberjack/Extensions (= 1.9.2)
  - CocoaLumberjack/Core (1.9.2)
  - CocoaLumberjack/Extensions (1.9.2):
    - CocoaLumberjack/Core
  - FMDB (2.5):
    - FMDB/standard (= 2.5)
  - FMDB/common (2.5)
  - FMDB/standard (2.5):
    - FMDB/common
  - KissXML (5.0)
  - Kiwi (2.3.1)
  - OHHTTPStubs (3.1.10):
    - OHHTTPStubs/Core (= 3.1.10)
  - OHHTTPStubs/Core (3.1.10)
  - PEHateoas-Client (1.0.1):
    - AFNetworking (~> 2.5.1)
    - CocoaLumberjack (~> 1.9)
    - PEObjc-Commons (~> 1.0.1)
  - PEObjc-Commons (1.0.1):
    - AWPagedArray (~> 0.3.0)
  - PEWire-Control (1.0.1):
    - OHHTTPStubs (~> 3.1.10)
    - PEObjc-Commons (~> 1.0.1)
    - PEXML-Utils (~> 1.0.1)
  - PEXML-Utils (1.0.1):
    - KissXML (~> 5.0)
    - PEObjc-Commons (~> 1.0.1)

DEPENDENCIES:
  - CocoaLumberjack (~> 1.9)
  - FMDB (~> 2.5)
  - Kiwi (~> 2.3.1)
  - PEHateoas-Client (~> 1.0.1)
  - PEObjc-Commons (~> 1.0.1)
  - PEWire-Control (~> 1.0.1)

SPEC CHECKSUMS:
  AFNetworking: 8bee59492a6ff15d69130efa4d0dc67e0094a52a
  AWPagedArray: c66f6186321cd37bff0a26e714f157f5d27009e9
  CocoaLumberjack: 205769c032b5fef85b92472046bcc8b7e7c8a817
  FMDB: 0efa188cf0dd1ce82c27a478cd5f5fa245308677
  KissXML: e537c38b18ede903ee6de45953a9bd86c131ebe9
  Kiwi: 73e1400209055ee9c8ba78c6012b6b642d0fb9f7
  OHHTTPStubs: 2038e929b6abb94881000524c1cb4aba0a1bb4a2
  PEHateoas-Client: 3f6334964945d6abbe81f25c04392b98269e9120
  PEObjc-Commons: 2bab8aa6545df045571785d818362cdfa0094a63
  PEWire-Control: 44ecccd9e81b04df2086db257103cda9f99d3a8c
  PEXML-Utils: 9f2f9c83da7116f3a398dbfa1544d8ef4342dc69

COCOAPODS: 0.35.0
